
Microsoft Visual Studio Solution File, Format Version 12.00
# Visual Studio Version 16
VisualStudioVersion = 16.0.29519.87
MinimumVisualStudioVersion = 10.0.40219.1
Project("{FAE04EC0-301F-11D3-BF4B-00C04F79EFBC}") = "CurrencyConvert", "CurrencyConvert\CurrencyConvert.csproj", "{88291ECF-0FCC-46B3-8CCC-E7B96012211B}"
EndProject
Global
	GlobalSection(SolutionConfigurationPlatforms) = preSolution
		Debug|Any CPU = Debug|Any CPU
		Release|Any CPU = Release|Any CPU
	EndGlobalSection
	GlobalSection(ProjectConfigurationPlatforms) = postSolution
		{88291ECF-0FCC-46B3-8CCC-E7B96012211B}.Debug|Any CPU.ActiveCfg = Debug|Any CPU
		{88291ECF-0FCC-46B3-8CCC-E7B96012211B}.Debug|Any CPU.Build.0 = Debug|Any CPU
		{88291ECF-0FCC-46B3-8CCC-E7B96012211B}.Release|Any CPU.ActiveCfg = Release|Any CPU
		{88291ECF-0FCC-46B3-8CCC-E7B96012211B}.Release|Any CPU.Build.0 = Release|Any CPU
	EndGlobalSection
	GlobalSection(SolutionProperties) = preSolution
		HideSolutionNode = FALSE
	EndGlobalSection
	GlobalSection(ExtensibilityGlobals) = postSolution
		SolutionGuid = {025BF4C0-CAC3-43F5-AE8F-DA0D51673628}
	EndGlobalSection
EndGlobal
